
Microsoft Visual Studio Solution File, Format Version 12.00
# Visual Studio Version 17
VisualStudioVersion = 17.10.35027.167
MinimumVisualStudioVersion = 10.0.40219.1
Project("{FAE04EC0-301F-11D3-BF4B-00C04F79EFBC}") = "Interface", "Interface\Interface.csproj", "{012B2379-20C0-4B8A-A952-2DB565CE53BB}"
EndProject
Project("{FAE04EC0-301F-11D3-BF4B-00C04F79EFBC}") = "BankSystem", "BankSystem\BankSystem.csproj", "{B38C4827-3AF8-4515-9B06-35EAB52A2467}"
EndProject
Project("{FAE04EC0-301F-11D3-BF4B-00C04F79EFBC}") = "Transports", "Transports\Transports.csproj", "{1CA308CD-28BE-4FE5-ADA2-5F626A9ABB25}"
EndProject
Project("{FAE04EC0-301F-11D3-BF4B-00C04F79EFBC}") = "Inheritance of interfaces", "Inheritance of interfaces\Inheritance of interfaces.csproj", "{489F04D6-EC2A-4407-82D5-3B5CC23BA085}"
EndProject
Project("{FAE04EC0-301F-11D3-BF4B-00C04F79EFBC}") = "Payment processing system", "Payment processing system\Payment processing system.csproj", "{167915ED-C6FF-4663-9E97-E8023AD15C43}"
EndProject
Project("{FAE04EC0-301F-11D3-BF4B-00C04F79EFBC}") = "Action", "Action\Action.csproj", "{81473F5D-BA46-410F-A5F3-7CA0B03AD66A}"
EndProject
Project("{FAE04EC0-301F-11D3-BF4B-00C04F79EFBC}") = "Print", "Print\Print.csproj", "{2875F278-5579-41B0-ACFF-E28A6387914F}"
EndProject
Project("{FAE04EC0-301F-11D3-BF4B-00C04F79EFBC}") = "Data storage system", "Data storage system\Data storage system.csproj", "{0E5E6122-D42F-4C20-826E-E4220CF95FDA}"
EndProject
Project("{FAE04EC0-301F-11D3-BF4B-00C04F79EFBC}") = "Default interface implementation", "Default interface implementation\Default interface implementation.csproj", "{431AFD29-9734-47D3-B642-4D41458366BC}"
EndProject
Global
	GlobalSection(SolutionConfigurationPlatforms) = preSolution
		Debug|Any CPU = Debug|Any CPU
		Release|Any CPU = Release|Any CPU
	EndGlobalSection
	GlobalSection(ProjectConfigurationPlatforms) = postSolution
		{012B2379-20C0-4B8A-A952-2DB565CE53BB}.Debug|Any CPU.ActiveCfg = Debug|Any CPU
		{012B2379-20C0-4B8A-A952-2DB565CE53BB}.Debug|Any CPU.Build.0 = Debug|Any CPU
		{012B2379-20C0-4B8A-A952-2DB565CE53BB}.Release|Any CPU.ActiveCfg = Release|Any CPU
		{012B2379-20C0-4B8A-A952-2DB565CE53BB}.Release|Any CPU.Build.0 = Release|Any CPU
		{B38C4827-3AF8-4515-9B06-35EAB52A2467}.Debug|Any CPU.ActiveCfg = Debug|Any CPU
		{B38C4827-3AF8-4515-9B06-35EAB52A2467}.Debug|Any CPU.Build.0 = Debug|Any CPU
		{B38C4827-3AF8-4515-9B06-35EAB52A2467}.Release|Any CPU.ActiveCfg = Release|Any CPU
		{B38C4827-3AF8-4515-9B06-35EAB52A2467}.Release|Any CPU.Build.0 = Release|Any CPU
		{1CA308CD-28BE-4FE5-ADA2-5F626A9ABB25}.Debug|Any CPU.ActiveCfg = Debug|Any CPU
		{1CA308CD-28BE-4FE5-ADA2-5F626A9ABB25}.Debug|Any CPU.Build.0 = Debug|Any CPU
		{1CA308CD-28BE-4FE5-ADA2-5F626A9ABB25}.Release|Any CPU.ActiveCfg = Release|Any CPU
		{1CA308CD-28BE-4FE5-ADA2-5F626A9ABB25}.Release|Any CPU.Build.0 = Release|Any CPU
		{489F04D6-EC2A-4407-82D5-3B5CC23BA085}.Debug|Any CPU.ActiveCfg = Debug|Any CPU
		{489F04D6-EC2A-4407-82D5-3B5CC23BA085}.Debug|Any CPU.Build.0 = Debug|Any CPU
		{489F04D6-EC2A-4407-82D5-3B5CC23BA085}.Release|Any CPU.ActiveCfg = Release|Any CPU
		{489F04D6-EC2A-4407-82D5-3B5CC23BA085}.Release|Any CPU.Build.0 = Release|Any CPU
		{167915ED-C6FF-4663-9E97-E8023AD15C43}.Debug|Any CPU.ActiveCfg = Debug|Any CPU
		{167915ED-C6FF-4663-9E97-E8023AD15C43}.Debug|Any CPU.Build.0 = Debug|Any CPU
		{167915ED-C6FF-4663-9E97-E8023AD15C43}.Release|Any CPU.ActiveCfg = Release|Any CPU
		{167915ED-C6FF-4663-9E97-E8023AD15C43}.Release|Any CPU.Build.0 = Release|Any CPU
		{81473F5D-BA46-410F-A5F3-7CA0B03AD66A}.Debug|Any CPU.ActiveCfg = Debug|Any CPU
		{81473F5D-BA46-410F-A5F3-7CA0B03AD66A}.Debug|Any CPU.Build.0 = Debug|Any CPU
		{81473F5D-BA46-410F-A5F3-7CA0B03AD66A}.Release|Any CPU.ActiveCfg = Release|Any CPU
		{81473F5D-BA46-410F-A5F3-7CA0B03AD66A}.Release|Any CPU.Build.0 = Release|Any CPU
		{2875F278-5579-41B0-ACFF-E28A6387914F}.Debug|Any CPU.ActiveCfg = Debug|Any CPU
		{2875F278-5579-41B0-ACFF-E28A6387914F}.Debug|Any CPU.Build.0 = Debug|Any CPU
		{2875F278-5579-41B0-ACFF-E28A6387914F}.Release|Any CPU.ActiveCfg = Release|Any CPU
		{2875F278-5579-41B0-ACFF-E28A6387914F}.Release|Any CPU.Build.0 = Release|Any CPU
		{0E5E6122-D42F-4C20-826E-E4220CF95FDA}.Debug|Any CPU.ActiveCfg = Debug|Any CPU
		{0E5E6122-D42F-4C20-826E-E4220CF95FDA}.Debug|Any CPU.Build.0 = Debug|Any CPU
		{0E5E6122-D42F-4C20-826E-E4220CF95FDA}.Release|Any CPU.ActiveCfg = Release|Any CPU
		{0E5E6122-D42F-4C20-826E-E4220CF95FDA}.Release|Any CPU.Build.0 = Release|Any CPU
		{431AFD29-9734-47D3-B642-4D41458366BC}.Debug|Any CPU.ActiveCfg = Debug|Any CPU
		{431AFD29-9734-47D3-B642-4D41458366BC}.Debug|Any CPU.Build.0 = Debug|Any CPU
		{431AFD29-9734-47D3-B642-4D41458366BC}.Release|Any CPU.ActiveCfg = Release|Any CPU
		{431AFD29-9734-47D3-B642-4D41458366BC}.Release|Any CPU.Build.0 = Release|Any CPU
	EndGlobalSection
	GlobalSection(SolutionProperties) = preSolution
		HideSolutionNode = FALSE
	EndGlobalSection
	GlobalSection(ExtensibilityGlobals) = postSolution
		SolutionGuid = {B1C89EEB-2C4C-4EEC-81FE-612ABDDE9225}
	EndGlobalSection
EndGlobal
